// !$*UTF8*$!
{
	archiveVersion = 1;
	classes = {
	};
	objectVersion = 56;
	objects = {

/* Begin PBXBuildFile section */
		6ACC6182C67BB0976B5BBCA2 /* Pods_NYTimesArticlesTests.framework in Frameworks */ = {isa = PBXBuildFile; fileRef = 044FE762A1C121E1916FA910 /* Pods_NYTimesArticlesTests.framework */; };
		8004292F29FE55AD0009E596 /* ArticleDetailPresenter.swift in Sources */ = {isa = PBXBuildFile; fileRef = 8004292929FE55AD0009E596 /* ArticleDetailPresenter.swift */; };
		8004293129FE55AD0009E596 /* ArticleDetailRouter.swift in Sources */ = {isa = PBXBuildFile; fileRef = 8004292B29FE55AD0009E596 /* ArticleDetailRouter.swift */; };
		8004293229FE55AD0009E596 /* ArticleDetailModels.swift in Sources */ = {isa = PBXBuildFile; fileRef = 8004292C29FE55AD0009E596 /* ArticleDetailModels.swift */; };
		8004293329FE55AD0009E596 /* ArticleDetailViewController.swift in Sources */ = {isa = PBXBuildFile; fileRef = 8004292D29FE55AD0009E596 /* ArticleDetailViewController.swift */; };
		8004293429FE55AD0009E596 /* ArticleDetailInteractor.swift in Sources */ = {isa = PBXBuildFile; fileRef = 8004292E29FE55AD0009E596 /* ArticleDetailInteractor.swift */; };
		8004293829FE576A0009E596 /* ArticleDetailTitleTableViewCell.swift in Sources */ = {isa = PBXBuildFile; fileRef = 8004293629FE576A0009E596 /* ArticleDetailTitleTableViewCell.swift */; };
		8004293929FE576A0009E596 /* ArticleDetailTitleTableViewCell.xib in Resources */ = {isa = PBXBuildFile; fileRef = 8004293729FE576A0009E596 /* ArticleDetailTitleTableViewCell.xib */; };
		8004293C29FE581D0009E596 /* ArticleDetailImageTableViewCell.swift in Sources */ = {isa = PBXBuildFile; fileRef = 8004293A29FE581D0009E596 /* ArticleDetailImageTableViewCell.swift */; };
		8004293D29FE581D0009E596 /* ArticleDetailImageTableViewCell.xib in Resources */ = {isa = PBXBuildFile; fileRef = 8004293B29FE581D0009E596 /* ArticleDetailImageTableViewCell.xib */; };
		8004294029FE58AA0009E596 /* ArticleDetailDateTableViewCell.swift in Sources */ = {isa = PBXBuildFile; fileRef = 8004293E29FE58AA0009E596 /* ArticleDetailDateTableViewCell.swift */; };
		8004294129FE58AA0009E596 /* ArticleDetailDateTableViewCell.xib in Resources */ = {isa = PBXBuildFile; fileRef = 8004293F29FE58AA0009E596 /* ArticleDetailDateTableViewCell.xib */; };
		8004294829FE5C8C0009E596 /* ArticleDetailDescriptionTableViewCell.swift in Sources */ = {isa = PBXBuildFile; fileRef = 8004294629FE5C8C0009E596 /* ArticleDetailDescriptionTableViewCell.swift */; };
		8004294929FE5C8C0009E596 /* ArticleDetailDescriptionTableViewCell.xib in Resources */ = {isa = PBXBuildFile; fileRef = 8004294729FE5C8C0009E596 /* ArticleDetailDescriptionTableViewCell.xib */; };
		803C1B3F29FD175200160BDD /* APIManager.swift in Sources */ = {isa = PBXBuildFile; fileRef = 803C1B3E29FD175200160BDD /* APIManager.swift */; };
		803C1B4129FD176E00160BDD /* EndPointType.swift in Sources */ = {isa = PBXBuildFile; fileRef = 803C1B4029FD176E00160BDD /* EndPointType.swift */; };
		803C1B4329FD177D00160BDD /* EndPointItem.swift in Sources */ = {isa = PBXBuildFile; fileRef = 803C1B4229FD177D00160BDD /* EndPointItem.swift */; };
		803C1B4629FD179A00160BDD /* ErrorInfo.swift in Sources */ = {isa = PBXBuildFile; fileRef = 803C1B4529FD179A00160BDD /* ErrorInfo.swift */; };
		803C1B4829FD17A700160BDD /* ErrorResponse.swift in Sources */ = {isa = PBXBuildFile; fileRef = 803C1B4729FD17A700160BDD /* ErrorResponse.swift */; };
		803C1B5029FD1A3D00160BDD /* NYTimesArticlesTests.swift in Sources */ = {isa = PBXBuildFile; fileRef = 803C1B4F29FD1A3D00160BDD /* NYTimesArticlesTests.swift */; };
		803C1B5829FD1A8500160BDD /* EndPointItemTest.swift in Sources */ = {isa = PBXBuildFile; fileRef = 803C1B5729FD1A8500160BDD /* EndPointItemTest.swift */; };
		803C1B5A29FD1AEC00160BDD /* APIManagerTest.swift in Sources */ = {isa = PBXBuildFile; fileRef = 803C1B5929FD1AEC00160BDD /* APIManagerTest.swift */; };
		803C1B5D29FD1B5400160BDD /* ArticleNetworkModel.swift in Sources */ = {isa = PBXBuildFile; fileRef = 803C1B5C29FD1B5400160BDD /* ArticleNetworkModel.swift */; };
		803C1B6029FD1DAB00160BDD /* Constants.swift in Sources */ = {isa = PBXBuildFile; fileRef = 803C1B5F29FD1DAB00160BDD /* Constants.swift */; };
		803C1B7729FDA85000160BDD /* ArticleListPresenter.swift in Sources */ = {isa = PBXBuildFile; fileRef = 803C1B7129FDA85000160BDD /* ArticleListPresenter.swift */; };
		803C1B7829FDA85000160BDD /* ArticleListWorker.swift in Sources */ = {isa = PBXBuildFile; fileRef = 803C1B7229FDA85000160BDD /* ArticleListWorker.swift */; };
		803C1B7929FDA85000160BDD /* ArticleListRouter.swift in Sources */ = {isa = PBXBuildFile; fileRef = 803C1B7329FDA85000160BDD /* ArticleListRouter.swift */; };
		803C1B7A29FDA85000160BDD /* ArticleListModels.swift in Sources */ = {isa = PBXBuildFile; fileRef = 803C1B7429FDA85000160BDD /* ArticleListModels.swift */; };
		803C1B7B29FDA85000160BDD /* ArticleListViewController.swift in Sources */ = {isa = PBXBuildFile; fileRef = 803C1B7529FDA85000160BDD /* ArticleListViewController.swift */; };
		803C1B7C29FDA85000160BDD /* ArticleListInteractor.swift in Sources */ = {isa = PBXBuildFile; fileRef = 803C1B7629FDA85000160BDD /* ArticleListInteractor.swift */; };
		803C1B8029FDAAFE00160BDD /* ArticleListTableViewCell.swift in Sources */ = {isa = PBXBuildFile; fileRef = 803C1B7E29FDAAFE00160BDD /* ArticleListTableViewCell.swift */; };
		803C1B8129FDAAFE00160BDD /* ArticleListTableViewCell.xib in Resources */ = {isa = PBXBuildFile; fileRef = 803C1B7F29FDAAFE00160BDD /* ArticleListTableViewCell.xib */; };
		803C1B8429FDAB5000160BDD /* String+Extensions.swift in Sources */ = {isa = PBXBuildFile; fileRef = 803C1B8329FDAB5000160BDD /* String+Extensions.swift */; };
		806717F529FE879E0033702A /* ArticleDetailViewControllerTest.swift in Sources */ = {isa = PBXBuildFile; fileRef = 806717F429FE879E0033702A /* ArticleDetailViewControllerTest.swift */; };
		806717F729FE8B270033702A /* ArticleDetailTitleTableViewCellTest.swift in Sources */ = {isa = PBXBuildFile; fileRef = 806717F629FE8B270033702A /* ArticleDetailTitleTableViewCellTest.swift */; };
		806717FA29FE90390033702A /* String+ExtensionTest.swift in Sources */ = {isa = PBXBuildFile; fileRef = 806717F929FE90390033702A /* String+ExtensionTest.swift */; };
		8067180229FE972D0033702A /* NYTimesArticlesUITests.swift in Sources */ = {isa = PBXBuildFile; fileRef = 8067180129FE972D0033702A /* NYTimesArticlesUITests.swift */; };
		8067180429FE972D0033702A /* NYTimesArticlesUITestsLaunchTests.swift in Sources */ = {isa = PBXBuildFile; fileRef = 8067180329FE972D0033702A /* NYTimesArticlesUITestsLaunchTests.swift */; };
		8078630E29FDB21000703619 /* ArticleLsitViewControllerTests.swift in Sources */ = {isa = PBXBuildFile; fileRef = 8078630D29FDB21000703619 /* ArticleLsitViewControllerTests.swift */; };
		8078631029FDB2DA00703619 /* ArticleListInteractorTest.swift in Sources */ = {isa = PBXBuildFile; fileRef = 8078630F29FDB2DA00703619 /* ArticleListInteractorTest.swift */; };
		8078631229FDB32B00703619 /* ArticleListPresenterTest.swift in Sources */ = {isa = PBXBuildFile; fileRef = 8078631129FDB32B00703619 /* ArticleListPresenterTest.swift */; };
		8078631529FDB37700703619 /* ArticleNetworkModelTest.swift in Sources */ = {isa = PBXBuildFile; fileRef = 8078631429FDB37700703619 /* ArticleNetworkModelTest.swift */; };
		8078631729FDB3CD00703619 /* MockArticleList.json in Resources */ = {isa = PBXBuildFile; fileRef = 8078631629FDB3CD00703619 /* MockArticleList.json */; };
		80909D8929FC4A2F00387AD6 /* AppDelegate.swift in Sources */ = {isa = PBXBuildFile; fileRef = 80909D8829FC4A2F00387AD6 /* AppDelegate.swift */; };
		80909D8B29FC4A2F00387AD6 /* SceneDelegate.swift in Sources */ = {isa = PBXBuildFile; fileRef = 80909D8A29FC4A2F00387AD6 /* SceneDelegate.swift */; };
		80909D9029FC4A2F00387AD6 /* Main.storyboard in Resources */ = {isa = PBXBuildFile; fileRef = 80909D8E29FC4A2F00387AD6 /* Main.storyboard */; };
		80909D9229FC4A3000387AD6 /* Assets.xcassets in Resources */ = {isa = PBXBuildFile; fileRef = 80909D9129FC4A3000387AD6 /* Assets.xcassets */; };
		80909D9529FC4A3000387AD6 /* LaunchScreen.storyboard in Resources */ = {isa = PBXBuildFile; fileRef = 80909D9329FC4A3000387AD6 /* LaunchScreen.storyboard */; };
		95836A8E0CFA5E314DC02D36 /* Pods_NYTimesArticles.framework in Frameworks */ = {isa = PBXBuildFile; fileRef = BE1F68B18151B987BB599AE1 /* Pods_NYTimesArticles.framework */; };
/* End PBXBuildFile section */

/* Begin PBXContainerItemProxy section */
		803C1B5129FD1A3D00160BDD /* PBXContainerItemProxy */ = {
			isa = PBXContainerItemProxy;
			containerPortal = 80909D7D29FC4A2F00387AD6 /* Project object */;
			proxyType = 1;
			remoteGlobalIDString = 80909D8429FC4A2F00387AD6;
			remoteInfo = NYTimesArticles;
		};
		8067180529FE972D0033702A /* PBXContainerItemProxy */ = {
			isa = PBXContainerItemProxy;
			containerPortal = 80909D7D29FC4A2F00387AD6 /* Project object */;
			proxyType = 1;
			remoteGlobalIDString = 80909D8429FC4A2F00387AD6;
			remoteInfo = NYTimesArticles;
		};
/* End PBXContainerItemProxy section */

/* Begin PBXFileReference section */
		044FE762A1C121E1916FA910 /* Pods_NYTimesArticlesTests.framework */ = {isa = PBXFileReference; explicitFileType = wrapper.framework; includeInIndex = 0; path = Pods_NYTimesArticlesTests.framework; sourceTree = BUILT_PRODUCTS_DIR; };
		2939AEDAF5B4613905ACF82C /* Pods-NYTimesArticlesTests.debug.xcconfig */ = {isa = PBXFileReference; includeInIndex = 1; lastKnownFileType = text.xcconfig; name = "Pods-NYTimesArticlesTests.debug.xcconfig"; path = "Target Support Files/Pods-NYTimesArticlesTests/Pods-NYTimesArticlesTests.debug.xcconfig"; sourceTree = "<group>"; };
		69E7187FFF3FB478DD117C41 /* Pods-NYTimesArticlesTests.release.xcconfig */ = {isa = PBXFileReference; includeInIndex = 1; lastKnownFileType = text.xcconfig; name = "Pods-NYTimesArticlesTests.release.xcconfig"; path = "Target Support Files/Pods-NYTimesArticlesTests/Pods-NYTimesArticlesTests.release.xcconfig"; sourceTree = "<group>"; };
		8004292929FE55AD0009E596 /* ArticleDetailPresenter.swift */ = {isa = PBXFileReference; lastKnownFileType = sourcecode.swift; path = ArticleDetailPresenter.swift; sourceTree = "<group>"; };
		8004292B29FE55AD0009E596 /* ArticleDetailRouter.swift */ = {isa = PBXFileReference; lastKnownFileType = sourcecode.swift; path = ArticleDetailRouter.swift; sourceTree = "<group>"; };
		8004292C29FE55AD0009E596 /* ArticleDetailModels.swift */ = {isa = PBXFileReference; lastKnownFileType = sourcecode.swift; path = ArticleDetailModels.swift; sourceTree = "<group>"; };
		8004292D29FE55AD0009E596 /* ArticleDetailViewController.swift */ = {isa = PBXFileReference; lastKnownFileType = sourcecode.swift; path = ArticleDetailViewController.swift; sourceTree = "<group>"; };
		8004292E29FE55AD0009E596 /* ArticleDetailInteractor.swift */ = {isa = PBXFileReference; lastKnownFileType = sourcecode.swift; path = ArticleDetailInteractor.swift; sourceTree = "<group>"; };
		8004293629FE576A0009E596 /* ArticleDetailTitleTableViewCell.swift */ = {isa = PBXFileReference; lastKnownFileType = sourcecode.swift; path = ArticleDetailTitleTableViewCell.swift; sourceTree = "<group>"; };
		8004293729FE576A0009E596 /* ArticleDetailTitleTableViewCell.xib */ = {isa = PBXFileReference; lastKnownFileType = file.xib; path = ArticleDetailTitleTableViewCell.xib; sourceTree = "<group>"; };
		8004293A29FE581D0009E596 /* ArticleDetailImageTableViewCell.swift */ = {isa = PBXFileReference; lastKnownFileType = sourcecode.swift; path = ArticleDetailImageTableViewCell.swift; sourceTree = "<group>"; };
		8004293B29FE581D0009E596 /* ArticleDetailImageTableViewCell.xib */ = {isa = PBXFileReference; lastKnownFileType = file.xib; path = ArticleDetailImageTableViewCell.xib; sourceTree = "<group>"; };
		8004293E29FE58AA0009E596 /* ArticleDetailDateTableViewCell.swift */ = {isa = PBXFileReference; lastKnownFileType = sourcecode.swift; path = ArticleDetailDateTableViewCell.swift; sourceTree = "<group>"; };
		8004293F29FE58AA0009E596 /* ArticleDetailDateTableViewCell.xib */ = {isa = PBXFileReference; lastKnownFileType = file.xib; path = ArticleDetailDateTableViewCell.xib; sourceTree = "<group>"; };
		8004294629FE5C8C0009E596 /* ArticleDetailDescriptionTableViewCell.swift */ = {isa = PBXFileReference; lastKnownFileType = sourcecode.swift; path = ArticleDetailDescriptionTableViewCell.swift; sourceTree = "<group>"; };
		8004294729FE5C8C0009E596 /* ArticleDetailDescriptionTableViewCell.xib */ = {isa = PBXFileReference; lastKnownFileType = file.xib; path = ArticleDetailDescriptionTableViewCell.xib; sourceTree = "<group>"; };
		803C1B3E29FD175200160BDD /* APIManager.swift */ = {isa = PBXFileReference; lastKnownFileType = sourcecode.swift; path = APIManager.swift; sourceTree = "<group>"; };
		803C1B4029FD176E00160BDD /* EndPointType.swift */ = {isa = PBXFileReference; lastKnownFileType = sourcecode.swift; path = EndPointType.swift; sourceTree = "<group>"; };
		803C1B4229FD177D00160BDD /* EndPointItem.swift */ = {isa = PBXFileReference; lastKnownFileType = sourcecode.swift; path = EndPointItem.swift; sourceTree = "<group>"; };
		803C1B4529FD179A00160BDD /* ErrorInfo.swift */ = {isa = PBXFileReference; lastKnownFileType = sourcecode.swift; path = ErrorInfo.swift; sourceTree = "<group>"; };
		803C1B4729FD17A700160BDD /* ErrorResponse.swift */ = {isa = PBXFileReference; lastKnownFileType = sourcecode.swift; path = ErrorResponse.swift; sourceTree = "<group>"; };
		803C1B4D29FD1A3D00160BDD /* NYTimesArticlesTests.xctest */ = {isa = PBXFileReference; explicitFileType = wrapper.cfbundle; includeInIndex = 0; path = NYTimesArticlesTests.xctest; sourceTree = BUILT_PRODUCTS_DIR; };
		803C1B4F29FD1A3D00160BDD /* NYTimesArticlesTests.swift */ = {isa = PBXFileReference; lastKnownFileType = sourcecode.swift; path = NYTimesArticlesTests.swift; sourceTree = "<group>"; };
		803C1B5729FD1A8500160BDD /* EndPointItemTest.swift */ = {isa = PBXFileReference; lastKnownFileType = sourcecode.swift; path = EndPointItemTest.swift; sourceTree = "<group>"; };
		803C1B5929FD1AEC00160BDD /* APIManagerTest.swift */ = {isa = PBXFileReference; lastKnownFileType = sourcecode.swift; path = APIManagerTest.swift; sourceTree = "<group>"; };
		803C1B5C29FD1B5400160BDD /* ArticleNetworkModel.swift */ = {isa = PBXFileReference; lastKnownFileType = sourcecode.swift; path = ArticleNetworkModel.swift; sourceTree = "<group>"; };
		803C1B5F29FD1DAB00160BDD /* Constants.swift */ = {isa = PBXFileReference; lastKnownFileType = sourcecode.swift; path = Constants.swift; sourceTree = "<group>"; };
		803C1B7129FDA85000160BDD /* ArticleListPresenter.swift */ = {isa = PBXFileReference; lastKnownFileType = sourcecode.swift; path = ArticleListPresenter.swift; sourceTree = "<group>"; };
		803C1B7229FDA85000160BDD /* ArticleListWorker.swift */ = {isa = PBXFileReference; lastKnownFileType = sourcecode.swift; path = ArticleListWorker.swift; sourceTree = "<group>"; };
		803C1B7329FDA85000160BDD /* ArticleListRouter.swift */ = {isa = PBXFileReference; lastKnownFileType = sourcecode.swift; path = ArticleListRouter.swift; sourceTree = "<group>"; };
		803C1B7429FDA85000160BDD /* ArticleListModels.swift */ = {isa = PBXFileReference; lastKnownFileType = sourcecode.swift; path = ArticleListModels.swift; sourceTree = "<group>"; };
		803C1B7529FDA85000160BDD /* ArticleListViewController.swift */ = {isa = PBXFileReference; lastKnownFileType = sourcecode.swift; path = ArticleListViewController.swift; sourceTree = "<group>"; };
		803C1B7629FDA85000160BDD /* ArticleListInteractor.swift */ = {isa = PBXFileReference; lastKnownFileType = sourcecode.swift; path = ArticleListInteractor.swift; sourceTree = "<group>"; };
		803C1B7E29FDAAFE00160BDD /* ArticleListTableViewCell.swift */ = {isa = PBXFileReference; lastKnownFileType = sourcecode.swift; path = ArticleListTableViewCell.swift; sourceTree = "<group>"; };
		803C1B7F29FDAAFE00160BDD /* ArticleListTableViewCell.xib */ = {isa = PBXFileReference; lastKnownFileType = file.xib; path = ArticleListTableViewCell.xib; sourceTree = "<group>"; };
		803C1B8329FDAB5000160BDD /* String+Extensions.swift */ = {isa = PBXFileReference; lastKnownFileType = sourcecode.swift; path = "String+Extensions.swift"; sourceTree = "<group>"; };
		806717F429FE879E0033702A /* ArticleDetailViewControllerTest.swift */ = {isa = PBXFileReference; lastKnownFileType = sourcecode.swift; path = ArticleDetailViewControllerTest.swift; sourceTree = "<group>"; };
		806717F629FE8B270033702A /* ArticleDetailTitleTableViewCellTest.swift */ = {isa = PBXFileReference; lastKnownFileType = sourcecode.swift; path = ArticleDetailTitleTableViewCellTest.swift; sourceTree = "<group>"; };
		806717F929FE90390033702A /* String+ExtensionTest.swift */ = {isa = PBXFileReference; lastKnownFileType = sourcecode.swift; path = "String+ExtensionTest.swift"; sourceTree = "<group>"; };
		806717FF29FE972D0033702A /* NYTimesArticlesUITests.xctest */ = {isa = PBXFileReference; explicitFileType = wrapper.cfbundle; includeInIndex = 0; path = NYTimesArticlesUITests.xctest; sourceTree = BUILT_PRODUCTS_DIR; };
		8067180129FE972D0033702A /* NYTimesArticlesUITests.swift */ = {isa = PBXFileReference; lastKnownFileType = sourcecode.swift; path = NYTimesArticlesUITests.swift; sourceTree = "<group>"; };
		8067180329FE972D0033702A /* NYTimesArticlesUITestsLaunchTests.swift */ = {isa = PBXFileReference; lastKnownFileType = sourcecode.swift; path = NYTimesArticlesUITestsLaunchTests.swift; sourceTree = "<group>"; };
		8078630D29FDB21000703619 /* ArticleLsitViewControllerTests.swift */ = {isa = PBXFileReference; lastKnownFileType = sourcecode.swift; path = ArticleLsitViewControllerTests.swift; sourceTree = "<group>"; };
		8078630F29FDB2DA00703619 /* ArticleListInteractorTest.swift */ = {isa = PBXFileReference; lastKnownFileType = sourcecode.swift; path = ArticleListInteractorTest.swift; sourceTree = "<group>"; };
		8078631129FDB32B00703619 /* ArticleListPresenterTest.swift */ = {isa = PBXFileReference; lastKnownFileType = sourcecode.swift; path = ArticleListPresenterTest.swift; sourceTree = "<group>"; };
		8078631429FDB37700703619 /* ArticleNetworkModelTest.swift */ = {isa = PBXFileReference; lastKnownFileType = sourcecode.swift; path = ArticleNetworkModelTest.swift; sourceTree = "<group>"; };
		8078631629FDB3CD00703619 /* MockArticleList.json */ = {isa = PBXFileReference; lastKnownFileType = text.json; path = MockArticleList.json; sourceTree = "<group>"; };
		80909D8529FC4A2F00387AD6 /* NYTimesArticles.app */ = {isa = PBXFileReference; explicitFileType = wrapper.application; includeInIndex = 0; path = NYTimesArticles.app; sourceTree = BUILT_PRODUCTS_DIR; };
		80909D8829FC4A2F00387AD6 /* AppDelegate.swift */ = {isa = PBXFileReference; lastKnownFileType = sourcecode.swift; path = AppDelegate.swift; sourceTree = "<group>"; };
		80909D8A29FC4A2F00387AD6 /* SceneDelegate.swift */ = {isa = PBXFileReference; lastKnownFileType = sourcecode.swift; path = SceneDelegate.swift; sourceTree = "<group>"; };
		80909D8F29FC4A2F00387AD6 /* Base */ = {isa = PBXFileReference; lastKnownFileType = file.storyboard; name = Base; path = Base.lproj/Main.storyboard; sourceTree = "<group>"; };
		80909D9129FC4A3000387AD6 /* Assets.xcassets */ = {isa = PBXFileReference; lastKnownFileType = folder.assetcatalog; path = Assets.xcassets; sourceTree = "<group>"; };
		80909D9429FC4A3000387AD6 /* Base */ = {isa = PBXFileReference; lastKnownFileType = file.storyboard; name = Base; path = Base.lproj/LaunchScreen.storyboard; sourceTree = "<group>"; };
		80909D9629FC4A3000387AD6 /* Info.plist */ = {isa = PBXFileReference; lastKnownFileType = text.plist.xml; path = Info.plist; sourceTree = "<group>"; };
		86710A532BE0854425FF4AA8 /* Pods-NYTimesArticles.debug.xcconfig */ = {isa = PBXFileReference; includeInIndex = 1; lastKnownFileType = text.xcconfig; name = "Pods-NYTimesArticles.debug.xcconfig"; path = "Target Support Files/Pods-NYTimesArticles/Pods-NYTimesArticles.debug.xcconfig"; sourceTree = "<group>"; };
		BE1F68B18151B987BB599AE1 /* Pods_NYTimesArticles.framework */ = {isa = PBXFileReference; explicitFileType = wrapper.framework; includeInIndex = 0; path = Pods_NYTimesArticles.framework; sourceTree = BUILT_PRODUCTS_DIR; };
		CC77C2FF4B4512DD16972A15 /* Pods-NYTimesArticles.release.xcconfig */ = {isa = PBXFileReference; includeInIndex = 1; lastKnownFileType = text.xcconfig; name = "Pods-NYTimesArticles.release.xcconfig"; path = "Target Support Files/Pods-NYTimesArticles/Pods-NYTimesArticles.release.xcconfig"; sourceTree = "<group>"; };
/* End PBXFileReference section */

/* Begin PBXFrameworksBuildPhase section */
		803C1B4A29FD1A3D00160BDD /* Frameworks */ = {
			isa = PBXFrameworksBuildPhase;
			buildActionMask = 2147483647;
			files = (
				6ACC6182C67BB0976B5BBCA2 /* Pods_NYTimesArticlesTests.framework in Frameworks */,
			);
			runOnlyForDeploymentPostprocessing = 0;
		};
		806717FC29FE972D0033702A /* Frameworks */ = {
			isa = PBXFrameworksBuildPhase;
			buildActionMask = 2147483647;
			files = (
			);
			runOnlyForDeploymentPostprocessing = 0;
		};
		80909D8229FC4A2F00387AD6 /* Frameworks */ = {
			isa = PBXFrameworksBuildPhase;
			buildActionMask = 2147483647;
			files = (
				95836A8E0CFA5E314DC02D36 /* Pods_NYTimesArticles.framework in Frameworks */,
			);
			runOnlyForDeploymentPostprocessing = 0;
		};
/* End PBXFrameworksBuildPhase section */

/* Begin PBXGroup section */
		2067AC653BC2EDE592B1586B /* Pods */ = {
			isa = PBXGroup;
			children = (
				86710A532BE0854425FF4AA8 /* Pods-NYTimesArticles.debug.xcconfig */,
				CC77C2FF4B4512DD16972A15 /* Pods-NYTimesArticles.release.xcconfig */,
				2939AEDAF5B4613905ACF82C /* Pods-NYTimesArticlesTests.debug.xcconfig */,
				69E7187FFF3FB478DD117C41 /* Pods-NYTimesArticlesTests.release.xcconfig */,
			);
			path = Pods;
			sourceTree = "<group>";
		};
		32BC20982F66F46844AE0A1B /* Frameworks */ = {
			isa = PBXGroup;
			children = (
				BE1F68B18151B987BB599AE1 /* Pods_NYTimesArticles.framework */,
				044FE762A1C121E1916FA910 /* Pods_NYTimesArticlesTests.framework */,
			);
			name = Frameworks;
			sourceTree = "<group>";
		};
		8004292829FE55940009E596 /* ArticleDetail */ = {
			isa = PBXGroup;
			children = (
				8004293529FE573F0009E596 /* TableViewCells */,
				8004292929FE55AD0009E596 /* ArticleDetailPresenter.swift */,
				8004292B29FE55AD0009E596 /* ArticleDetailRouter.swift */,
				8004292C29FE55AD0009E596 /* ArticleDetailModels.swift */,
				8004292D29FE55AD0009E596 /* ArticleDetailViewController.swift */,
				8004292E29FE55AD0009E596 /* ArticleDetailInteractor.swift */,
			);
			path = ArticleDetail;
			sourceTree = "<group>";
		};
		8004293529FE573F0009E596 /* TableViewCells */ = {
			isa = PBXGroup;
			children = (
				8004293629FE576A0009E596 /* ArticleDetailTitleTableViewCell.swift */,
				8004293729FE576A0009E596 /* ArticleDetailTitleTableViewCell.xib */,
				8004293A29FE581D0009E596 /* ArticleDetailImageTableViewCell.swift */,
				8004293B29FE581D0009E596 /* ArticleDetailImageTableViewCell.xib */,
				8004293E29FE58AA0009E596 /* ArticleDetailDateTableViewCell.swift */,
				8004293F29FE58AA0009E596 /* ArticleDetailDateTableViewCell.xib */,
				8004294629FE5C8C0009E596 /* ArticleDetailDescriptionTableViewCell.swift */,
				8004294729FE5C8C0009E596 /* ArticleDetailDescriptionTableViewCell.xib */,
			);
			path = TableViewCells;
			sourceTree = "<group>";
		};
		803C1B3D29FD145E00160BDD /* API */ = {
			isa = PBXGroup;
			children = (
				803C1B4429FD178800160BDD /* Error */,
				803C1B3E29FD175200160BDD /* APIManager.swift */,
				803C1B4029FD176E00160BDD /* EndPointType.swift */,
				803C1B4229FD177D00160BDD /* EndPointItem.swift */,
			);
			path = API;
			sourceTree = "<group>";
		};
		803C1B4429FD178800160BDD /* Error */ = {
			isa = PBXGroup;
			children = (
				803C1B4529FD179A00160BDD /* ErrorInfo.swift */,
				803C1B4729FD17A700160BDD /* ErrorResponse.swift */,
			);
			path = Error;
			sourceTree = "<group>";
		};
		803C1B4E29FD1A3D00160BDD /* NYTimesArticlesTests */ = {
			isa = PBXGroup;
			children = (
				806717F829FE901C0033702A /* ExtensionTest */,
				8078631329FDB35800703619 /* ModelTest */,
				8078630C29FDB1F200703619 /* ScenesTest */,
				803C1B5629FD1A6300160BDD /* APITests */,
				803C1B4F29FD1A3D00160BDD /* NYTimesArticlesTests.swift */,
			);
			path = NYTimesArticlesTests;
			sourceTree = "<group>";
		};
		803C1B5629FD1A6300160BDD /* APITests */ = {
			isa = PBXGroup;
			children = (
				803C1B5729FD1A8500160BDD /* EndPointItemTest.swift */,
				803C1B5929FD1AEC00160BDD /* APIManagerTest.swift */,
				8078631629FDB3CD00703619 /* MockArticleList.json */,
			);
			path = APITests;
			sourceTree = "<group>";
		};
		803C1B5B29FD1B3D00160BDD /* Models */ = {
			isa = PBXGroup;
			children = (
				803C1B5C29FD1B5400160BDD /* ArticleNetworkModel.swift */,
			);
			path = Models;
			sourceTree = "<group>";
		};
		803C1B5E29FD1D9B00160BDD /* Utilities */ = {
			isa = PBXGroup;
			children = (
				803C1B5F29FD1DAB00160BDD /* Constants.swift */,
			);
			path = Utilities;
			sourceTree = "<group>";
		};
		803C1B6129FDA7F000160BDD /* Scenes */ = {
			isa = PBXGroup;
			children = (
				8004292829FE55940009E596 /* ArticleDetail */,
				803C1B7029FDA83A00160BDD /* ArticleList */,
			);
			path = Scenes;
			sourceTree = "<group>";
		};
		803C1B7029FDA83A00160BDD /* ArticleList */ = {
			isa = PBXGroup;
			children = (
				803C1B7D29FDAAE600160BDD /* TableViewCell */,
				803C1B7129FDA85000160BDD /* ArticleListPresenter.swift */,
				803C1B7229FDA85000160BDD /* ArticleListWorker.swift */,
				803C1B7329FDA85000160BDD /* ArticleListRouter.swift */,
				803C1B7429FDA85000160BDD /* ArticleListModels.swift */,
				803C1B7529FDA85000160BDD /* ArticleListViewController.swift */,
				803C1B7629FDA85000160BDD /* ArticleListInteractor.swift */,
			);
			path = ArticleList;
			sourceTree = "<group>";
		};
		803C1B7D29FDAAE600160BDD /* TableViewCell */ = {
			isa = PBXGroup;
			children = (
				803C1B7E29FDAAFE00160BDD /* ArticleListTableViewCell.swift */,
				803C1B7F29FDAAFE00160BDD /* ArticleListTableViewCell.xib */,
			);
			path = TableViewCell;
			sourceTree = "<group>";
		};
		803C1B8229FDAB3B00160BDD /* Extensions */ = {
			isa = PBXGroup;
			children = (
				803C1B8329FDAB5000160BDD /* String+Extensions.swift */,
			);
			path = Extensions;
			sourceTree = "<group>";
		};
		806717F229FE87740033702A /* ArticleList */ = {
			isa = PBXGroup;
			children = (
				8078630D29FDB21000703619 /* ArticleLsitViewControllerTests.swift */,
				8078630F29FDB2DA00703619 /* ArticleListInteractorTest.swift */,
				8078631129FDB32B00703619 /* ArticleListPresenterTest.swift */,
			);
			path = ArticleList;
			sourceTree = "<group>";
		};
		806717F329FE87810033702A /* ArticleDetail */ = {
			isa = PBXGroup;
			children = (
				806717F429FE879E0033702A /* ArticleDetailViewControllerTest.swift */,
				806717F629FE8B270033702A /* ArticleDetailTitleTableViewCellTest.swift */,
			);
			path = ArticleDetail;
			sourceTree = "<group>";
		};
		806717F829FE901C0033702A /* ExtensionTest */ = {
			isa = PBXGroup;
			children = (
				806717F929FE90390033702A /* String+ExtensionTest.swift */,
			);
			path = ExtensionTest;
			sourceTree = "<group>";
		};
		8067180029FE972D0033702A /* NYTimesArticlesUITests */ = {
			isa = PBXGroup;
			children = (
				8067180129FE972D0033702A /* NYTimesArticlesUITests.swift */,
				8067180329FE972D0033702A /* NYTimesArticlesUITestsLaunchTests.swift */,
			);
			path = NYTimesArticlesUITests;
			sourceTree = "<group>";
		};
		8078630C29FDB1F200703619 /* ScenesTest */ = {
			isa = PBXGroup;
			children = (
				806717F329FE87810033702A /* ArticleDetail */,
				806717F229FE87740033702A /* ArticleList */,
			);
			path = ScenesTest;
			sourceTree = "<group>";
		};
		8078631329FDB35800703619 /* ModelTest */ = {
			isa = PBXGroup;
			children = (
				8078631429FDB37700703619 /* ArticleNetworkModelTest.swift */,
			);
			path = ModelTest;
			sourceTree = "<group>";
		};
		80909D7C29FC4A2F00387AD6 = {
			isa = PBXGroup;
			children = (
				80909D8729FC4A2F00387AD6 /* NYTimesArticles */,
				803C1B4E29FD1A3D00160BDD /* NYTimesArticlesTests */,
				8067180029FE972D0033702A /* NYTimesArticlesUITests */,
				80909D8629FC4A2F00387AD6 /* Products */,
				2067AC653BC2EDE592B1586B /* Pods */,
				32BC20982F66F46844AE0A1B /* Frameworks */,
			);
			sourceTree = "<group>";
		};
		80909D8629FC4A2F00387AD6 /* Products */ = {
			isa = PBXGroup;
			children = (
				80909D8529FC4A2F00387AD6 /* NYTimesArticles.app */,
				803C1B4D29FD1A3D00160BDD /* NYTimesArticlesTests.xctest */,
				806717FF29FE972D0033702A /* NYTimesArticlesUITests.xctest */,
			);
			name = Products;
			sourceTree = "<group>";
		};
		80909D8729FC4A2F00387AD6 /* NYTimesArticles */ = {
			isa = PBXGroup;
			children = (
				803C1B8229FDAB3B00160BDD /* Extensions */,
				803C1B6129FDA7F000160BDD /* Scenes */,
				803C1B5E29FD1D9B00160BDD /* Utilities */,
				803C1B5B29FD1B3D00160BDD /* Models */,
				803C1B3D29FD145E00160BDD /* API */,
				80909D8829FC4A2F00387AD6 /* AppDelegate.swift */,
				80909D8A29FC4A2F00387AD6 /* SceneDelegate.swift */,
				80909D8E29FC4A2F00387AD6 /* Main.storyboard */,
				80909D9129FC4A3000387AD6 /* Assets.xcassets */,
				80909D9329FC4A3000387AD6 /* LaunchScreen.storyboard */,
				80909D9629FC4A3000387AD6 /* Info.plist */,
			);
			path = NYTimesArticles;
			sourceTree = "<group>";
		};
/* End PBXGroup section */

/* Begin PBXNativeTarget section */
		803C1B4C29FD1A3D00160BDD /* NYTimesArticlesTests */ = {
			isa = PBXNativeTarget;
			buildConfigurationList = 803C1B5529FD1A3D00160BDD /* Build configuration list for PBXNativeTarget "NYTimesArticlesTests" */;
			buildPhases = (
				A3DF388144AD6F829D65E6B1 /* [CP] Check Pods Manifest.lock */,
				803C1B4929FD1A3D00160BDD /* Sources */,
				803C1B4A29FD1A3D00160BDD /* Frameworks */,
				803C1B4B29FD1A3D00160BDD /* Resources */,
			);
			buildRules = (
			);
			dependencies = (
				803C1B5229FD1A3D00160BDD /* PBXTargetDependency */,
			);
			name = NYTimesArticlesTests;
			productName = NYTimesArticlesTests;
			productReference = 803C1B4D29FD1A3D00160BDD /* NYTimesArticlesTests.xctest */;
			productType = "com.apple.product-type.bundle.unit-test";
		};
		806717FE29FE972D0033702A /* NYTimesArticlesUITests */ = {
			isa = PBXNativeTarget;
			buildConfigurationList = 8067180729FE972D0033702A /* Build configuration list for PBXNativeTarget "NYTimesArticlesUITests" */;
			buildPhases = (
				806717FB29FE972D0033702A /* Sources */,
				806717FC29FE972D0033702A /* Frameworks */,
				806717FD29FE972D0033702A /* Resources */,
			);
			buildRules = (
			);
			dependencies = (
				8067180629FE972D0033702A /* PBXTargetDependency */,
			);
			name = NYTimesArticlesUITests;
			productName = NYTimesArticlesUITests;
			productReference = 806717FF29FE972D0033702A /* NYTimesArticlesUITests.xctest */;
			productType = "com.apple.product-type.bundle.ui-testing";
		};
		80909D8429FC4A2F00387AD6 /* NYTimesArticles */ = {
			isa = PBXNativeTarget;
			buildConfigurationList = 80909D9929FC4A3000387AD6 /* Build configuration list for PBXNativeTarget "NYTimesArticles" */;
			buildPhases = (
				6CBB63646FFD5C8C6C9CE976 /* [CP] Check Pods Manifest.lock */,
				80909D8129FC4A2F00387AD6 /* Sources */,
				80909D8229FC4A2F00387AD6 /* Frameworks */,
				80909D8329FC4A2F00387AD6 /* Resources */,
				97A1A3B792FDCCC1A28B7D23 /* [CP] Embed Pods Frameworks */,
			);
			buildRules = (
			);
			dependencies = (
			);
			name = NYTimesArticles;
			productName = NYTimesArticles;
			productReference = 80909D8529FC4A2F00387AD6 /* NYTimesArticles.app */;
			productType = "com.apple.product-type.application";
		};
/* End PBXNativeTarget section */

/* Begin PBXProject section */
		80909D7D29FC4A2F00387AD6 /* Project object */ = {
			isa = PBXProject;
			attributes = {
				BuildIndependentTargetsInParallel = 1;
				LastSwiftUpdateCheck = 1410;
				LastUpgradeCheck = 1410;
				TargetAttributes = {
					803C1B4C29FD1A3D00160BDD = {
						CreatedOnToolsVersion = 14.1;
						TestTargetID = 80909D8429FC4A2F00387AD6;
					};
					806717FE29FE972D0033702A = {
						CreatedOnToolsVersion = 14.1;
						TestTargetID = 80909D8429FC4A2F00387AD6;
					};
					80909D8429FC4A2F00387AD6 = {
						CreatedOnToolsVersion = 14.1;
					};
				};
			};
			buildConfigurationList = 80909D8029FC4A2F00387AD6 /* Build configuration list for PBXProject "NYTimesArticles" */;
			compatibilityVersion = "Xcode 14.0";
			developmentRegion = en;
			hasScannedForEncodings = 0;
			knownRegions = (
				en,
				Base,
			);
			mainGroup = 80909D7C29FC4A2F00387AD6;
			productRefGroup = 80909D8629FC4A2F00387AD6 /* Products */;
			projectDirPath = "";
			projectRoot = "";
			targets = (
				80909D8429FC4A2F00387AD6 /* NYTimesArticles */,
				803C1B4C29FD1A3D00160BDD /* NYTimesArticlesTests */,
				806717FE29FE972D0033702A /* NYTimesArticlesUITests */,
			);
		};
/* End PBXProject section */

/* Begin PBXResourcesBuildPhase section */
		803C1B4B29FD1A3D00160BDD /* Resources */ = {
			isa = PBXResourcesBuildPhase;
			buildActionMask = 2147483647;
			files = (
				8078631729FDB3CD00703619 /* MockArticleList.json in Resources */,
			);
			runOnlyForDeploymentPostprocessing = 0;
		};
		806717FD29FE972D0033702A /* Resources */ = {
			isa = PBXResourcesBuildPhase;
			buildActionMask = 2147483647;
			files = (
			);
			runOnlyForDeploymentPostprocessing = 0;
		};
		80909D8329FC4A2F00387AD6 /* Resources */ = {
			isa = PBXResourcesBuildPhase;
			buildActionMask = 2147483647;
			files = (
				8004294929FE5C8C0009E596 /* ArticleDetailDescriptionTableViewCell.xib in Resources */,
				8004293929FE576A0009E596 /* ArticleDetailTitleTableViewCell.xib in Resources */,
				8004293D29FE581D0009E596 /* ArticleDetailImageTableViewCell.xib in Resources */,
				803C1B8129FDAAFE00160BDD /* ArticleListTableViewCell.xib in Resources */,
				80909D9529FC4A3000387AD6 /* LaunchScreen.storyboard in Resources */,
				80909D9229FC4A3000387AD6 /* Assets.xcassets in Resources */,
				80909D9029FC4A2F00387AD6 /* Main.storyboard in Resources */,
				8004294129FE58AA0009E596 /* ArticleDetailDateTableViewCell.xib in Resources */,
			);
			runOnlyForDeploymentPostprocessing = 0;
		};
/* End PBXResourcesBuildPhase section */

/* Begin PBXShellScriptBuildPhase section */
		6CBB63646FFD5C8C6C9CE976 /* [CP] Check Pods Manifest.lock */ = {
			isa = PBXShellScriptBuildPhase;
			buildActionMask = 2147483647;
			files = (
			);
			inputFileListPaths = (
			);
			inputPaths = (
				"${PODS_PODFILE_DIR_PATH}/Podfile.lock",
				"${PODS_ROOT}/Manifest.lock",
			);
			name = "[CP] Check Pods Manifest.lock";
			outputFileListPaths = (
			);
			outputPaths = (
				"$(DERIVED_FILE_DIR)/Pods-NYTimesArticles-checkManifestLockResult.txt",
			);
			runOnlyForDeploymentPostprocessing = 0;
			shellPath = /bin/sh;
			shellScript = "diff \"${PODS_PODFILE_DIR_PATH}/Podfile.lock\" \"${PODS_ROOT}/Manifest.lock\" > /dev/null\nif [ $? != 0 ] ; then\n    # print error to STDERR\n    echo \"error: The sandbox is not in sync with the Podfile.lock. Run 'pod install' or update your CocoaPods installation.\" >&2\n    exit 1\nfi\n# This output is used by Xcode 'outputs' to avoid re-running this script phase.\necho \"SUCCESS\" > \"${SCRIPT_OUTPUT_FILE_0}\"\n";
			showEnvVarsInLog = 0;
		};
		97A1A3B792FDCCC1A28B7D23 /* [CP] Embed Pods Frameworks */ = {
			isa = PBXShellScriptBuildPhase;
			buildActionMask = 2147483647;
			files = (
			);
			inputFileListPaths = (
				"${PODS_ROOT}/Target Support Files/Pods-NYTimesArticles/Pods-NYTimesArticles-frameworks-${CONFIGURATION}-input-files.xcfilelist",
			);
			name = "[CP] Embed Pods Frameworks";
			outputFileListPaths = (
				"${PODS_ROOT}/Target Support Files/Pods-NYTimesArticles/Pods-NYTimesArticles-frameworks-${CONFIGURATION}-output-files.xcfilelist",
			);
			runOnlyForDeploymentPostprocessing = 0;
			shellPath = /bin/sh;
			shellScript = "\"${PODS_ROOT}/Target Support Files/Pods-NYTimesArticles/Pods-NYTimesArticles-frameworks.sh\"\n";
			showEnvVarsInLog = 0;
		};
		A3DF388144AD6F829D65E6B1 /* [CP] Check Pods Manifest.lock */ = {
			isa = PBXShellScriptBuildPhase;
			buildActionMask = 2147483647;
			files = (
			);
			inputFileListPaths = (
			);
			inputPaths = (
				"${PODS_PODFILE_DIR_PATH}/Podfile.lock",
				"${PODS_ROOT}/Manifest.lock",
			);
			name = "[CP] Check Pods Manifest.lock";
			outputFileListPaths = (
			);
			outputPaths = (
				"$(DERIVED_FILE_DIR)/Pods-NYTimesArticlesTests-checkManifestLockResult.txt",
			);
			runOnlyForDeploymentPostprocessing = 0;
			shellPath = /bin/sh;
			shellScript = "diff \"${PODS_PODFILE_DIR_PATH}/Podfile.lock\" \"${PODS_ROOT}/Manifest.lock\" > /dev/null\nif [ $? != 0 ] ; then\n    # print error to STDERR\n    echo \"error: The sandbox is not in sync with the Podfile.lock. Run 'pod install' or update your CocoaPods installation.\" >&2\n    exit 1\nfi\n# This output is used by Xcode 'outputs' to avoid re-running this script phase.\necho \"SUCCESS\" > \"${SCRIPT_OUTPUT_FILE_0}\"\n";
			showEnvVarsInLog = 0;
		};
/* End PBXShellScriptBuildPhase section */

/* Begin PBXSourcesBuildPhase section */
		803C1B4929FD1A3D00160BDD /* Sources */ = {
			isa = PBXSourcesBuildPhase;
			buildActionMask = 2147483647;
			files = (
				806717F729FE8B270033702A /* ArticleDetailTitleTableViewCellTest.swift in Sources */,
				8078631529FDB37700703619 /* ArticleNetworkModelTest.swift in Sources */,
				806717FA29FE90390033702A /* String+ExtensionTest.swift in Sources */,
				803C1B5029FD1A3D00160BDD /* NYTimesArticlesTests.swift in Sources */,
				8078630E29FDB21000703619 /* ArticleLsitViewControllerTests.swift in Sources */,
				8078631029FDB2DA00703619 /* ArticleListInteractorTest.swift in Sources */,
				803C1B5829FD1A8500160BDD /* EndPointItemTest.swift in Sources */,
				803C1B5A29FD1AEC00160BDD /* APIManagerTest.swift in Sources */,
				806717F529FE879E0033702A /* ArticleDetailViewControllerTest.swift in Sources */,
				8078631229FDB32B00703619 /* ArticleListPresenterTest.swift in Sources */,
			);
			runOnlyForDeploymentPostprocessing = 0;
		};
		806717FB29FE972D0033702A /* Sources */ = {
			isa = PBXSourcesBuildPhase;
			buildActionMask = 2147483647;
			files = (
				8067180229FE972D0033702A /* NYTimesArticlesUITests.swift in Sources */,
				8067180429FE972D0033702A /* NYTimesArticlesUITestsLaunchTests.swift in Sources */,
			);
			runOnlyForDeploymentPostprocessing = 0;
		};
		80909D8129FC4A2F00387AD6 /* Sources */ = {
			isa = PBXSourcesBuildPhase;
			buildActionMask = 2147483647;
			files = (
				803C1B7A29FDA85000160BDD /* ArticleListModels.swift in Sources */,
				803C1B7C29FDA85000160BDD /* ArticleListInteractor.swift in Sources */,
				8004293429FE55AD0009E596 /* ArticleDetailInteractor.swift in Sources */,
				803C1B3F29FD175200160BDD /* APIManager.swift in Sources */,
				803C1B4329FD177D00160BDD /* EndPointItem.swift in Sources */,
				803C1B8429FDAB5000160BDD /* String+Extensions.swift in Sources */,
				8004294029FE58AA0009E596 /* ArticleDetailDateTableViewCell.swift in Sources */,
				8004293329FE55AD0009E596 /* ArticleDetailViewController.swift in Sources */,
				803C1B4629FD179A00160BDD /* ErrorInfo.swift in Sources */,
				8004293C29FE581D0009E596 /* ArticleDetailImageTableViewCell.swift in Sources */,
				8004293129FE55AD0009E596 /* ArticleDetailRouter.swift in Sources */,
				803C1B7829FDA85000160BDD /* ArticleListWorker.swift in Sources */,
				803C1B7929FDA85000160BDD /* ArticleListRouter.swift in Sources */,
				803C1B7729FDA85000160BDD /* ArticleListPresenter.swift in Sources */,
				8004294829FE5C8C0009E596 /* ArticleDetailDescriptionTableViewCell.swift in Sources */,
				80909D8929FC4A2F00387AD6 /* AppDelegate.swift in Sources */,
				803C1B6029FD1DAB00160BDD /* Constants.swift in Sources */,
				8004292F29FE55AD0009E596 /* ArticleDetailPresenter.swift in Sources */,
				8004293229FE55AD0009E596 /* ArticleDetailModels.swift in Sources */,
				803C1B8029FDAAFE00160BDD /* ArticleListTableViewCell.swift in Sources */,
				803C1B4129FD176E00160BDD /* EndPointType.swift in Sources */,
				8004293829FE576A0009E596 /* ArticleDetailTitleTableViewCell.swift in Sources */,
				80909D8B29FC4A2F00387AD6 /* SceneDelegate.swift in Sources */,
				803C1B7B29FDA85000160BDD /* ArticleListViewController.swift in Sources */,
				803C1B5D29FD1B5400160BDD /* ArticleNetworkModel.swift in Sources */,
				803C1B4829FD17A700160BDD /* ErrorResponse.swift in Sources */,
			);
			runOnlyForDeploymentPostprocessing = 0;
		};
/* End PBXSourcesBuildPhase section */

/* Begin PBXTargetDependency section */
		803C1B5229FD1A3D00160BDD /* PBXTargetDependency */ = {
			isa = PBXTargetDependency;
			target = 80909D8429FC4A2F00387AD6 /* NYTimesArticles */;
			targetProxy = 803C1B5129FD1A3D00160BDD /* PBXContainerItemProxy */;
		};
		8067180629FE972D0033702A /* PBXTargetDependency */ = {
			isa = PBXTargetDependency;
			target = 80909D8429FC4A2F00387AD6 /* NYTimesArticles */;
			targetProxy = 8067180529FE972D0033702A /* PBXContainerItemProxy */;
		};
/* End PBXTargetDependency section */

/* Begin PBXVariantGroup section */
		80909D8E29FC4A2F00387AD6 /* Main.storyboard */ = {
			isa = PBXVariantGroup;
			children = (
				80909D8F29FC4A2F00387AD6 /* Base */,
			);
			name = Main.storyboard;
			sourceTree = "<group>";
		};
		80909D9329FC4A3000387AD6 /* LaunchScreen.storyboard */ = {
			isa = PBXVariantGroup;
			children = (
				80909D9429FC4A3000387AD6 /* Base */,
			);
			name = LaunchScreen.storyboard;
			sourceTree = "<group>";
		};
/* End PBXVariantGroup section */

/* Begin XCBuildConfiguration section */
		803C1B5329FD1A3D00160BDD /* Debug */ = {
			isa = XCBuildConfiguration;
			baseConfigurationReference = 2939AEDAF5B4613905ACF82C /* Pods-NYTimesArticlesTests.debug.xcconfig */;
			buildSettings = {
				BUNDLE_LOADER = "$(TEST_HOST)";
				CODE_SIGN_STYLE = Automatic;
				CURRENT_PROJECT_VERSION = 1;
				DEVELOPMENT_TEAM = 9X5X36GCZF;
				GENERATE_INFOPLIST_FILE = YES;
				MARKETING_VERSION = 1.0;
				PRODUCT_BUNDLE_IDENTIFIER = com.molecule.NYTimesArticlesTests;
				PRODUCT_NAME = "$(TARGET_NAME)";
				SWIFT_EMIT_LOC_STRINGS = NO;
				SWIFT_VERSION = 5.0;
				TARGETED_DEVICE_FAMILY = "1,2";
				TEST_HOST = "$(BUILT_PRODUCTS_DIR)/NYTimesArticles.app/$(BUNDLE_EXECUTABLE_FOLDER_PATH)/NYTimesArticles";
			};
			name = Debug;
		};
		803C1B5429FD1A3D00160BDD /* Release */ = {
			isa = XCBuildConfiguration;
			baseConfigurationReference = 69E7187FFF3FB478DD117C41 /* Pods-NYTimesArticlesTests.release.xcconfig */;
			buildSettings = {
				BUNDLE_LOADER = "$(TEST_HOST)";
				CODE_SIGN_STYLE = Automatic;
				CURRENT_PROJECT_VERSION = 1;
				DEVELOPMENT_TEAM = 9X5X36GCZF;
				GENERATE_INFOPLIST_FILE = YES;
				MARKETING_VERSION = 1.0;
				PRODUCT_BUNDLE_IDENTIFIER = com.molecule.NYTimesArticlesTests;
				PRODUCT_NAME = "$(TARGET_NAME)";
				SWIFT_EMIT_LOC_STRINGS = NO;
				SWIFT_VERSION = 5.0;
				TARGETED_DEVICE_FAMILY = "1,2";
				TEST_HOST = "$(BUILT_PRODUCTS_DIR)/NYTimesArticles.app/$(BUNDLE_EXECUTABLE_FOLDER_PATH)/NYTimesArticles";
			};
			name = Release;
		};
		8067180829FE972D0033702A /* Debug */ = {
			isa = XCBuildConfiguration;
			buildSettings = {
				CODE_SIGN_STYLE = Automatic;
				CURRENT_PROJECT_VERSION = 1;
				DEVELOPMENT_TEAM = 9X5X36GCZF;
				GENERATE_INFOPLIST_FILE = YES;
				MARKETING_VERSION = 1.0;
				PRODUCT_BUNDLE_IDENTIFIER = com.molecule.NYTimesArticlesUITests;
				PRODUCT_NAME = "$(TARGET_NAME)";
				SWIFT_EMIT_LOC_STRINGS = NO;
				SWIFT_VERSION = 5.0;
				TARGETED_DEVICE_FAMILY = "1,2";
				TEST_TARGET_NAME = NYTimesArticles;
			};
			name = Debug;
		};
		8067180929FE972D0033702A /* Release */ = {
			isa = XCBuildConfiguration;
			buildSettings = {
				CODE_SIGN_STYLE = Automatic;
				CURRENT_PROJECT_VERSION = 1;
				DEVELOPMENT_TEAM = 9X5X36GCZF;
				GENERATE_INFOPLIST_FILE = YES;
				MARKETING_VERSION = 1.0;
				PRODUCT_BUNDLE_IDENTIFIER = com.molecule.NYTimesArticlesUITests;
				PRODUCT_NAME = "$(TARGET_NAME)";
				SWIFT_EMIT_LOC_STRINGS = NO;
				SWIFT_VERSION = 5.0;
				TARGETED_DEVICE_FAMILY = "1,2";
				TEST_TARGET_NAME = NYTimesArticles;
			};
			name = Release;
		};
		80909D9729FC4A3000387AD6 /* Debug */ = {
			isa = XCBuildConfiguration;
			buildSettings = {
				ALWAYS_SEARCH_USER_PATHS = NO;
				CLANG_ANALYZER_NONNULL = YES;
				CLANG_ANALYZER_NUMBER_OBJECT_CONVERSION = YES_AGGRESSIVE;
				CLANG_CXX_LANGUAGE_STANDARD = "gnu++20";
				CLANG_ENABLE_MODULES = YES;
				CLANG_ENABLE_OBJC_ARC = YES;
				CLANG_ENABLE_OBJC_WEAK = YES;
				CLANG_WARN_BLOCK_CAPTURE_AUTORELEASING = YES;
				CLANG_WARN_BOOL_CONVERSION = YES;
				CLANG_WARN_COMMA = YES;
				CLANG_WARN_CONSTANT_CONVERSION = YES;
				CLANG_WARN_DEPRECATED_OBJC_IMPLEMENTATIONS = YES;
				CLANG_WARN_DIRECT_OBJC_ISA_USAGE = YES_ERROR;
				CLANG_WARN_DOCUMENTATION_COMMENTS = YES;
				CLANG_WARN_EMPTY_BODY = YES;
				CLANG_WARN_ENUM_CONVERSION = YES;
				CLANG_WARN_INFINITE_RECURSION = YES;
				CLANG_WARN_INT_CONVERSION = YES;
				CLANG_WARN_NON_LITERAL_NULL_CONVERSION = YES;
				CLANG_WARN_OBJC_IMPLICIT_RETAIN_SELF = YES;
				CLANG_WARN_OBJC_LITERAL_CONVERSION = YES;
				CLANG_WARN_OBJC_ROOT_CLASS = YES_ERROR;
				CLANG_WARN_QUOTED_INCLUDE_IN_FRAMEWORK_HEADER = YES;
				CLANG_WARN_RANGE_LOOP_ANALYSIS = YES;
				CLANG_WARN_STRICT_PROTOTYPES = YES;
				CLANG_WARN_SUSPICIOUS_MOVE = YES;
				CLANG_WARN_UNGUARDED_AVAILABILITY = YES_AGGRESSIVE;
				CLANG_WARN_UNREACHABLE_CODE = YES;
				CLANG_WARN__DUPLICATE_METHOD_MATCH = YES;
				COPY_PHASE_STRIP = NO;
				DEBUG_INFORMATION_FORMAT = dwarf;
				ENABLE_STRICT_OBJC_MSGSEND = YES;
				ENABLE_TESTABILITY = YES;
				GCC_C_LANGUAGE_STANDARD = gnu11;
				GCC_DYNAMIC_NO_PIC = NO;
				GCC_NO_COMMON_BLOCKS = YES;
				GCC_OPTIMIZATION_LEVEL = 0;
				GCC_PREPROCESSOR_DEFINITIONS = (
					"DEBUG=1",
					"$(inherited)",
				);
				GCC_WARN_64_TO_32_BIT_CONVERSION = YES;
				GCC_WARN_ABOUT_RETURN_TYPE = YES_ERROR;
				GCC_WARN_UNDECLARED_SELECTOR = YES;
				GCC_WARN_UNINITIALIZED_AUTOS = YES_AGGRESSIVE;
				GCC_WARN_UNUSED_FUNCTION = YES;
				GCC_WARN_UNUSED_VARIABLE = YES;
				IPHONEOS_DEPLOYMENT_TARGET = 16.1;
				MTL_ENABLE_DEBUG_INFO = INCLUDE_SOURCE;
				MTL_FAST_MATH = YES;
				ONLY_ACTIVE_ARCH = YES;
				SDKROOT = iphoneos;
				SWIFT_ACTIVE_COMPILATION_CONDITIONS = DEBUG;
				SWIFT_OPTIMIZATION_LEVEL = "-Onone";
			};
			name = Debug;
		};
		80909D9829FC4A3000387AD6 /* Release */ = {
			isa = XCBuildConfiguration;
			buildSettings = {
				ALWAYS_SEARCH_USER_PATHS = NO;
				CLANG_ANALYZER_NONNULL = YES;
				CLANG_ANALYZER_NUMBER_OBJECT_CONVERSION = YES_AGGRESSIVE;
				CLANG_CXX_LANGUAGE_STANDARD = "gnu++20";
				CLANG_ENABLE_MODULES = YES;
				CLANG_ENABLE_OBJC_ARC = YES;
				CLANG_ENABLE_OBJC_WEAK = YES;
				CLANG_WARN_BLOCK_CAPTURE_AUTORELEASING = YES;
				CLANG_WARN_BOOL_CONVERSION = YES;
				CLANG_WARN_COMMA = YES;
				CLANG_WARN_CONSTANT_CONVERSION = YES;
				CLANG_WARN_DEPRECATED_OBJC_IMPLEMENTATIONS = YES;
				CLANG_WARN_DIRECT_OBJC_ISA_USAGE = YES_ERROR;
				CLANG_WARN_DOCUMENTATION_COMMENTS = YES;
				CLANG_WARN_EMPTY_BODY = YES;
				CLANG_WARN_ENUM_CONVERSION = YES;
				CLANG_WARN_INFINITE_RECURSION = YES;
				CLANG_WARN_INT_CONVERSION = YES;
				CLANG_WARN_NON_LITERAL_NULL_CONVERSION = YES;
				CLANG_WARN_OBJC_IMPLICIT_RETAIN_SELF = YES;
				CLANG_WARN_OBJC_LITERAL_CONVERSION = YES;
				CLANG_WARN_OBJC_ROOT_CLASS = YES_ERROR;
				CLANG_WARN_QUOTED_INCLUDE_IN_FRAMEWORK_HEADER = YES;
				CLANG_WARN_RANGE_LOOP_ANALYSIS = YES;
				CLANG_WARN_STRICT_PROTOTYPES = YES;
				CLANG_WARN_SUSPICIOUS_MOVE = YES;
				CLANG_WARN_UNGUARDED_AVAILABILITY = YES_AGGRESSIVE;
				CLANG_WARN_UNREACHABLE_CODE = YES;
				CLANG_WARN__DUPLICATE_METHOD_MATCH = YES;
				COPY_PHASE_STRIP = NO;
				DEBUG_INFORMATION_FORMAT = "dwarf-with-dsym";
				ENABLE_NS_ASSERTIONS = NO;
				ENABLE_STRICT_OBJC_MSGSEND = YES;
				GCC_C_LANGUAGE_STANDARD = gnu11;
				GCC_NO_COMMON_BLOCKS = YES;
				GCC_WARN_64_TO_32_BIT_CONVERSION = YES;
				GCC_WARN_ABOUT_RETURN_TYPE = YES_ERROR;
				GCC_WARN_UNDECLARED_SELECTOR = YES;
				GCC_WARN_UNINITIALIZED_AUTOS = YES_AGGRESSIVE;
				GCC_WARN_UNUSED_FUNCTION = YES;
				GCC_WARN_UNUSED_VARIABLE = YES;
				IPHONEOS_DEPLOYMENT_TARGET = 16.1;
				MTL_ENABLE_DEBUG_INFO = NO;
				MTL_FAST_MATH = YES;
				SDKROOT = iphoneos;
				SWIFT_COMPILATION_MODE = wholemodule;
				SWIFT_OPTIMIZATION_LEVEL = "-O";
				VALIDATE_PRODUCT = YES;
			};
			name = Release;
		};
		80909D9A29FC4A3000387AD6 /* Debug */ = {
			isa = XCBuildConfiguration;
			baseConfigurationReference = 86710A532BE0854425FF4AA8 /* Pods-NYTimesArticles.debug.xcconfig */;
			buildSettings = {
				ASSETCATALOG_COMPILER_APPICON_NAME = AppIcon;
				ASSETCATALOG_COMPILER_GLOBAL_ACCENT_COLOR_NAME = AccentColor;
				CODE_SIGN_STYLE = Automatic;
				CURRENT_PROJECT_VERSION = 1;
				DEVELOPMENT_TEAM = 9X5X36GCZF;
				GENERATE_INFOPLIST_FILE = YES;
				INFOPLIST_FILE = NYTimesArticles/Info.plist;
				INFOPLIST_KEY_UIApplicationSupportsIndirectInputEvents = YES;
				INFOPLIST_KEY_UILaunchStoryboardName = LaunchScreen;
				INFOPLIST_KEY_UIMainStoryboardFile = Main;
				INFOPLIST_KEY_UISupportedInterfaceOrientations_iPad = "UIInterfaceOrientationPortrait UIInterfaceOrientationPortraitUpsideDown UIInterfaceOrientationLandscapeLeft UIInterfaceOrientationLandscapeRight";
				INFOPLIST_KEY_UISupportedInterfaceOrientations_iPhone = "UIInterfaceOrientationPortrait UIInterfaceOrientationLandscapeLeft UIInterfaceOrientationLandscapeRight";
				LD_RUNPATH_SEARCH_PATHS = (
					"$(inherited)",
					"@executable_path/Frameworks",
				);
				MARKETING_VERSION = 1.0;
				PRODUCT_BUNDLE_IDENTIFIER = com.molecule.NYTimesArticles;
				PRODUCT_NAME = "$(TARGET_NAME)";
				SWIFT_EMIT_LOC_STRINGS = YES;
				SWIFT_VERSION = 5.0;
				TARGETED_DEVICE_FAMILY = "1,2";
			};
			name = Debug;
		};
		80909D9B29FC4A3000387AD6 /* Release */ = {
			isa = XCBuildConfiguration;
			baseConfigurationReference = CC77C2FF4B4512DD16972A15 /* Pods-NYTimesArticles.release.xcconfig */;
			buildSettings = {
				ASSETCATALOG_COMPILER_APPICON_NAME = AppIcon;
				ASSETCATALOG_COMPILER_GLOBAL_ACCENT_COLOR_NAME = AccentColor;
				CODE_SIGN_STYLE = Automatic;
				CURRENT_PROJECT_VERSION = 1;
				DEVELOPMENT_TEAM = 9X5X36GCZF;
				GENERATE_INFOPLIST_FILE = YES;
				INFOPLIST_FILE = NYTimesArticles/Info.plist;
				INFOPLIST_KEY_UIApplicationSupportsIndirectInputEvents = YES;
				INFOPLIST_KEY_UILaunchStoryboardName = LaunchScreen;
				INFOPLIST_KEY_UIMainStoryboardFile = Main;
				INFOPLIST_KEY_UISupportedInterfaceOrientations_iPad = "UIInterfaceOrientationPortrait UIInterfaceOrientationPortraitUpsideDown UIInterfaceOrientationLandscapeLeft UIInterfaceOrientationLandscapeRight";
				INFOPLIST_KEY_UISupportedInterfaceOrientations_iPhone = "UIInterfaceOrientationPortrait UIInterfaceOrientationLandscapeLeft UIInterfaceOrientationLandscapeRight";
				LD_RUNPATH_SEARCH_PATHS = (
					"$(inherited)",
					"@executable_path/Frameworks",
				);
				MARKETING_VERSION = 1.0;
				PRODUCT_BUNDLE_IDENTIFIER = com.molecule.NYTimesArticles;
				PRODUCT_NAME = "$(TARGET_NAME)";
				SWIFT_EMIT_LOC_STRINGS = YES;
				SWIFT_VERSION = 5.0;
				TARGETED_DEVICE_FAMILY = "1,2";
			};
			name = Release;
		};
/* End XCBuildConfiguration section */

/* Begin XCConfigurationList section */
		803C1B5529FD1A3D00160BDD /* Build configuration list for PBXNativeTarget "NYTimesArticlesTests" */ = {
			isa = XCConfigurationList;
			buildConfigurations = (
				803C1B5329FD1A3D00160BDD /* Debug */,
				803C1B5429FD1A3D00160BDD /* Release */,
			);
			defaultConfigurationIsVisible = 0;
			defaultConfigurationName = Release;
		};
		8067180729FE972D0033702A /* Build configuration list for PBXNativeTarget "NYTimesArticlesUITests" */ = {
			isa = XCConfigurationList;
			buildConfigurations = (
				8067180829FE972D0033702A /* Debug */,
				8067180929FE972D0033702A /* Release */,
			);
			defaultConfigurationIsVisible = 0;
			defaultConfigurationName = Release;
		};
		80909D8029FC4A2F00387AD6 /* Build configuration list for PBXProject "NYTimesArticles" */ = {
			isa = XCConfigurationList;
			buildConfigurations = (
				80909D9729FC4A3000387AD6 /* Debug */,
				80909D9829FC4A3000387AD6 /* Release */,
			);
			defaultConfigurationIsVisible = 0;
			defaultConfigurationName = Release;
		};
		80909D9929FC4A3000387AD6 /* Build configuration list for PBXNativeTarget "NYTimesArticles" */ = {
			isa = XCConfigurationList;
			buildConfigurations = (
				80909D9A29FC4A3000387AD6 /* Debug */,
				80909D9B29FC4A3000387AD6 /* Release */,
			);
			defaultConfigurationIsVisible = 0;
			defaultConfigurationName = Release;
		};
/* End XCConfigurationList section */
	};
	rootObject = 80909D7D29FC4A2F00387AD6 /* Project object */;
}
